
Microsoft Visual Studio Solution File, Format Version 12.00
# Visual Studio Version 17
VisualStudioVersion = 17.13.35825.156 d17.13
MinimumVisualStudioVersion = 10.0.40219.1
Project("{FAE04EC0-301F-11D3-BF4B-00C04F79EFBC}") = "Excersise6", "Excersise6\Excersise6.csproj", "{596E62EE-DBD0-4457-B108-F40EE6FB40B2}"
EndProject
Global
	GlobalSection(SolutionConfigurationPlatforms) = preSolution
		Debug|Any CPU = Debug|Any CPU
		Release|Any CPU = Release|Any CPU
	EndGlobalSection
	GlobalSection(ProjectConfigurationPlatforms) = postSolution
		{596E62EE-DBD0-4457-B108-F40EE6FB40B2}.Debug|Any CPU.ActiveCfg = Debug|Any CPU
		{596E62EE-DBD0-4457-B108-F40EE6FB40B2}.Debug|Any CPU.Build.0 = Debug|Any CPU
		{596E62EE-DBD0-4457-B108-F40EE6FB40B2}.Release|Any CPU.ActiveCfg = Release|Any CPU
		{596E62EE-DBD0-4457-B108-F40EE6FB40B2}.Release|Any CPU.Build.0 = Release|Any CPU
	EndGlobalSection
	GlobalSection(SolutionProperties) = preSolution
		HideSolutionNode = FALSE
	EndGlobalSection
	GlobalSection(ExtensibilityGlobals) = postSolution
		SolutionGuid = {DAC59CD2-975A-4392-BA3E-115D9D14E000}
	EndGlobalSection
EndGlobal
